
Microsoft Visual Studio Solution File, Format Version 12.00
# Visual Studio 15
VisualStudioVersion = 15.0.28307.1433
MinimumVisualStudioVersion = 10.0.40219.1
Project("{9A19103F-16F7-4668-BE54-9A1E7A4F7556}") = "PayRequestWeb", "PayRequestWeb\PayRequestWeb.csproj", "{7D72A2D4-52D9-49B4-AC78-B75CA3C3DE25}"
EndProject
Global
	GlobalSection(SolutionConfigurationPlatforms) = preSolution
		Debug|Any CPU = Debug|Any CPU
		Release|Any CPU = Release|Any CPU
	EndGlobalSection
	GlobalSection(ProjectConfigurationPlatforms) = postSolution
		{7D72A2D4-52D9-49B4-AC78-B75CA3C3DE25}.Debug|Any CPU.ActiveCfg = Debug|Any CPU
		{7D72A2D4-52D9-49B4-AC78-B75CA3C3DE25}.Debug|Any CPU.Build.0 = Debug|Any CPU
		{7D72A2D4-52D9-49B4-AC78-B75CA3C3DE25}.Release|Any CPU.ActiveCfg = Release|Any CPU
		{7D72A2D4-52D9-49B4-AC78-B75CA3C3DE25}.Release|Any CPU.Build.0 = Release|Any CPU
	EndGlobalSection
	GlobalSection(SolutionProperties) = preSolution
		HideSolutionNode = FALSE
	EndGlobalSection
	GlobalSection(ExtensibilityGlobals) = postSolution
		SolutionGuid = {343C8314-FD7C-4815-8D0B-A59B815D598A}
	EndGlobalSection
EndGlobal
